{
    "_readme": [
        "This file locks the dependencies of your project to a known state",
        "Read more about it at https://getcomposer.org/doc/01-basic-usage.md#installing-dependencies",
        "This file is @generated automatically"
    ],
    "content-hash": "f26884eb4236cfeed925dc8006bd15c1",
    "packages": [
        {
            "name": "algo26-matthias/idna-convert",
            "version": "v3.1.0",
            "source": {
                "type": "git",
                "url": "https://github.com/algo26-matthias/idna-convert.git",
                "reference": "340a4dc65f6b0d9884853a3d32895d82f0c1502a"
            },
            "dist": {
                "type": "zip",
                "url": "https://api.github.com/repos/algo26-matthias/idna-convert/zipball/340a4dc65f6b0d9884853a3d32895d82f0c1502a",
                "reference": "340a4dc65f6b0d9884853a3d32895d82f0c1502a",
                "shasum": ""
            },
            "require": {
                "ext-pcre": "*",
                "jakeasmith/http_build_url": "^1",
                "php": ">=7.2.0"
            },
            "require-dev": {
                "phpunit/phpunit": "8.0"
            },
            "suggest": {
                "ext-iconv": "Install ext/iconv for using input / output other than UTF-8 or ISO-8859-1",
                "ext-mbstring": "Install ext/mbstring for using input / output other than UTF-8 or ISO-8859-1"
            },
            "type": "library",
            "autoload": {
                "psr-4": {
                    "Algo26\\IdnaConvert\\": "src/"
                }
            },
            "notification-url": "https://packagist.org/downloads/",
            "license": [
                "LGPL-2.1+"
            ],
            "authors": [
                {
                    "name": "Matthias Sommerfeld",
                    "email": "matthias.sommerfeld@algo26.de",
                    "role": "Developer"
                }
            ],
            "description": "A library for encoding and decoding internationalized domain names",
            "homepage": "http://idnaconv.net/",
            "keywords": [
                "idn",
                "idna",
                "php"
            ],
            "support": {
                "issues": "https://github.com/algo26-matthias/idna-convert/issues",
                "source": "https://github.com/algo26-matthias/idna-convert/tree/v3.1.0"
            },
            "time": "2023-02-17T10:08:02+00:00"
        },
        {
            "name": "jakeasmith/http_build_url",
            "version": "1.0.1",
            "source": {
                "type": "git",
                "url": "https://github.com/jakeasmith/http_build_url.git",
                "reference": "93c273e77cb1edead0cf8bcf8cd2003428e74e37"
            },
            "dist": {
                "type": "zip",
                "url": "https://api.github.com/repos/jakeasmith/http_build_url/zipball/93c273e77cb1edead0cf8bcf8cd2003428e74e37",
                "reference": "93c273e77cb1edead0cf8bcf8cd2003428e74e37",
                "shasum": ""
            },
            "type": "library",
            "autoload": {
                "files": [
                    "src/http_build_url.php"
                ]
            },
            "notification-url": "https://packagist.org/downloads/",
            "license": [
                "MIT"
            ],
            "authors": [
                {
                    "name": "Jake A. Smith",
                    "email": "theman@jakeasmith.com"
                }
            ],
            "description": "Provides functionality for http_build_url() to environments without pecl_http.",
            "support": {
                "issues": "https://github.com/jakeasmith/http_build_url/issues",
                "source": "https://github.com/jakeasmith/http_build_url"
            },
            "time": "2017-05-01T15:36:40+00:00"
        },
        {
            "name": "jalle19/php-whitelist-check",
            "version": "1.1.0",
            "source": {
                "type": "git",
                "url": "https://github.com/Jalle19/php-whitelist-check.git",
                "reference": "17be2c12c3b308b28f5d5b2b76d82a6b0eacfef1"
            },
            "dist": {
                "type": "zip",
                "url": "https://api.github.com/repos/Jalle19/php-whitelist-check/zipball/17be2c12c3b308b28f5d5b2b76d82a6b0eacfef1",
                "reference": "17be2c12c3b308b28f5d5b2b76d82a6b0eacfef1",
                "shasum": ""
            },
            "require": {
                "jycr753/ip-utils": "~2.0.0",
                "php": ">=5.3.0"
            },
            "require-dev": {
                "phpunit/phpunit": "^4.8"
            },
            "type": "library",
            "autoload": {
                "psr-0": {
                    "Whitelist\\": "src/"
                }
            },
            "notification-url": "https://packagist.org/downloads/",
            "license": [
                "BSD-2-Clause"
            ],
            "description": "Provides a simple way to check whether an address or domain is on a whitelist",
            "homepage": "https://github.com/Jalle19/php-whitelist-check",
            "keywords": [
                "cidr",
                "ipv4",
                "ipv6",
                "whitelist"
            ],
            "support": {
                "issues": "https://github.com/Jalle19/php-whitelist-check/issues",
                "source": "https://github.com/Jalle19/php-whitelist-check/tree/1.1.0"
            },
            "time": "2020-08-24T15:52:46+00:00"
        },
        {
            "name": "jbroadway/urlify",
            "version": "1.2.4-stable",
            "source": {
                "type": "git",
                "url": "https://github.com/jbroadway/urlify.git",
                "reference": "d0fafbaa1dc14e8039cdf5c72a932a8d1de1750e"
            },
            "dist": {
                "type": "zip",
                "url": "https://api.github.com/repos/jbroadway/urlify/zipball/d0fafbaa1dc14e8039cdf5c72a932a8d1de1750e",
                "reference": "d0fafbaa1dc14e8039cdf5c72a932a8d1de1750e",
                "shasum": ""
            },
            "require": {
                "php": ">=7.2",
                "voku/portable-ascii": "^2.0",
                "voku/stop-words": "^2.0"
            },
            "require-dev": {
                "phpunit/phpunit": "^8.5"
            },
            "type": "library",
            "extra": {
                "branch-alias": {
                    "dev-master": "1.0-dev"
                }
            },
            "autoload": {
                "psr-0": {
                    "URLify": ""
                }
            },
            "notification-url": "https://packagist.org/downloads/",
            "license": [
                "BSD-3-Clause-Clear"
            ],
            "authors": [
                {
                    "name": "Johnny Broadway",
                    "email": "johnny@johnnybroadway.com",
                    "homepage": "http://www.johnnybroadway.com/"
                }
            ],
            "description": "A fast PHP slug generator and transliteration library that converts non-ascii characters for use in URLs.",
            "homepage": "https://github.com/jbroadway/urlify",
            "keywords": [
                "ascii",
                "blogging",
                "blogs",
                "downcode",
                "encode",
                "iconv",
                "link",
                "seo",
                "slug",
                "slugify",
                "slugs",
                "translit",
                "transliterate",
                "transliteration",
                "unicode",
                "url",
                "urlify"
            ],
            "support": {
                "issues": "https://github.com/jbroadway/urlify/issues",
                "source": "https://github.com/jbroadway/urlify/tree/1.2.4-stable"
            },
            "time": "2022-06-15T16:46:46+00:00"
        },
        {
            "name": "jycr753/ip-utils",
            "version": "2.0.1",
            "source": {
                "type": "git",
                "url": "https://github.com/jycr753/ip-utils.git",
                "reference": "6e8ab3e3bc3c2b816bfc682197edc8239ca08857"
            },
            "dist": {
                "type": "zip",
                "url": "https://api.github.com/repos/jycr753/ip-utils/zipball/6e8ab3e3bc3c2b816bfc682197edc8239ca08857",
                "reference": "6e8ab3e3bc3c2b816bfc682197edc8239ca08857",
                "shasum": ""
            },
            "require": {
                "php": ">=5.5.0"
            },
            "require-dev": {
                "phpunit/phpunit": "^5.7.26"
            },
            "type": "library",
            "autoload": {
                "psr-4": {
                    "IpUtils\\": "src/"
                }
            },
            "notification-url": "https://packagist.org/downloads/",
            "license": [
                "MIT"
            ],
            "authors": [
                {
                    "name": "Christoph Mewes",
                    "homepage": "http://www.xrstf.de/"
                }
            ],
            "description": "small library to deal with IPv4 & IPv6 addresses and subnets",
            "keywords": [
                "IP",
                "ipv4",
                "ipv6",
                "matching",
                "subnet"
            ],
            "support": {
                "issues": "https://github.com/jycr753/ip-utils/issues",
                "source": "https://github.com/jycr753/ip-utils/tree/2.0.1"
            },
            "time": "2020-10-06T21:55:44+00:00"
        },
        {
            "name": "mpdf/mpdf",
            "version": "v7.1.9",
            "source": {
                "type": "git",
                "url": "https://github.com/mpdf/mpdf.git",
                "reference": "a0fc1215d2306aa3b4ba6e97bd6ebe4bab6a88fb"
            },
            "dist": {
                "type": "zip",
                "url": "https://api.github.com/repos/mpdf/mpdf/zipball/a0fc1215d2306aa3b4ba6e97bd6ebe4bab6a88fb",
                "reference": "a0fc1215d2306aa3b4ba6e97bd6ebe4bab6a88fb",
                "shasum": ""
            },
            "require": {
                "ext-gd": "*",
                "ext-mbstring": "*",
                "myclabs/deep-copy": "^1.7",
                "paragonie/random_compat": "^1.4|^2.0|9.99.99",
                "php": "^5.6 || ~7.0.0 || ~7.1.0 || ~7.2.0 || ~7.3.0",
                "psr/log": "^1.0",
                "setasign/fpdi": "1.6.*"
            },
            "require-dev": {
                "mockery/mockery": "^0.9.5",
                "phpunit/phpunit": "^5.0",
                "squizlabs/php_codesniffer": "^2.7.0",
                "tracy/tracy": "^2.4"
            },
            "suggest": {
                "ext-bcmath": "Needed for generation of some types of barcodes",
                "ext-xml": "Needed mainly for SVG manipulation",
                "ext-zlib": "Needed for compression of embedded resources, such as fonts"
            },
            "type": "library",
            "extra": {
                "branch-alias": {
                    "dev-development": "7.x-dev"
                }
            },
            "autoload": {
                "psr-4": {
                    "Mpdf\\": "src/"
                }
            },
            "notification-url": "https://packagist.org/downloads/",
            "license": [
                "GPL-2.0-only"
            ],
            "authors": [
                {
                    "name": "Matěj Humpál",
                    "role": "Developer, maintainer"
                },
                {
                    "name": "Ian Back",
                    "role": "Developer (retired)"
                }
            ],
            "description": "PHP library generating PDF files from UTF-8 encoded HTML",
            "homepage": "https://mpdf.github.io",
            "keywords": [
                "pdf",
                "php",
                "utf-8"
            ],
            "support": {
                "docs": "http://mpdf.github.io",
                "issues": "https://github.com/mpdf/mpdf/issues",
                "source": "https://github.com/mpdf/mpdf"
            },
            "time": "2019-02-06T13:32:19+00:00"
        },
        {
            "name": "myclabs/deep-copy",
            "version": "1.11.1",
            "source": {
                "type": "git",
                "url": "https://github.com/myclabs/DeepCopy.git",
                "reference": "7284c22080590fb39f2ffa3e9057f10a4ddd0e0c"
            },
            "dist": {
                "type": "zip",
                "url": "https://api.github.com/repos/myclabs/DeepCopy/zipball/7284c22080590fb39f2ffa3e9057f10a4ddd0e0c",
                "reference": "7284c22080590fb39f2ffa3e9057f10a4ddd0e0c",
                "shasum": ""
            },
            "require": {
                "php": "^7.1 || ^8.0"
            },
            "conflict": {
                "doctrine/collections": "<1.6.8",
                "doctrine/common": "<2.13.3 || >=3,<3.2.2"
            },
            "require-dev": {
                "doctrine/collections": "^1.6.8",
                "doctrine/common": "^2.13.3 || ^3.2.2",
                "phpunit/phpunit": "^7.5.20 || ^8.5.23 || ^9.5.13"
            },
            "type": "library",
            "autoload": {
                "files": [
                    "src/DeepCopy/deep_copy.php"
                ],
                "psr-4": {
                    "DeepCopy\\": "src/DeepCopy/"
                }
            },
            "notification-url": "https://packagist.org/downloads/",
            "license": [
                "MIT"
            ],
            "description": "Create deep copies (clones) of your objects",
            "keywords": [
                "clone",
                "copy",
                "duplicate",
                "object",
                "object graph"
            ],
            "support": {
                "issues": "https://github.com/myclabs/DeepCopy/issues",
                "source": "https://github.com/myclabs/DeepCopy/tree/1.11.1"
            },
            "funding": [
                {
                    "url": "https://tidelift.com/funding/github/packagist/myclabs/deep-copy",
                    "type": "tidelift"
                }
            ],
            "time": "2023-03-08T13:26:56+00:00"
        },
        {
            "name": "paragonie/random_compat",
            "version": "v9.99.99",
            "source": {
                "type": "git",
                "url": "https://github.com/paragonie/random_compat.git",
                "reference": "84b4dfb120c6f9b4ff7b3685f9b8f1aa365a0c95"
            },
            "dist": {
                "type": "zip",
                "url": "https://api.github.com/repos/paragonie/random_compat/zipball/84b4dfb120c6f9b4ff7b3685f9b8f1aa365a0c95",
                "reference": "84b4dfb120c6f9b4ff7b3685f9b8f1aa365a0c95",
                "shasum": ""
            },
            "require": {
                "php": "^7"
            },
            "require-dev": {
                "phpunit/phpunit": "4.*|5.*",
                "vimeo/psalm": "^1"
            },
            "suggest": {
                "ext-libsodium": "Provides a modern crypto API that can be used to generate random bytes."
            },
            "type": "library",
            "notification-url": "https://packagist.org/downloads/",
            "license": [
                "MIT"
            ],
            "authors": [
                {
                    "name": "Paragon Initiative Enterprises",
                    "email": "security@paragonie.com",
                    "homepage": "https://paragonie.com"
                }
            ],
            "description": "PHP 5.x polyfill for random_bytes() and random_int() from PHP 7",
            "keywords": [
                "csprng",
                "polyfill",
                "pseudorandom",
                "random"
            ],
            "support": {
                "email": "info@paragonie.com",
                "issues": "https://github.com/paragonie/random_compat/issues",
                "source": "https://github.com/paragonie/random_compat"
            },
            "time": "2018-07-02T15:55:56+00:00"
        },
        {
            "name": "psr/log",
            "version": "1.1.4",
            "source": {
                "type": "git",
                "url": "https://github.com/php-fig/log.git",
                "reference": "d49695b909c3b7628b6289db5479a1c204601f11"
            },
            "dist": {
                "type": "zip",
                "url": "https://api.github.com/repos/php-fig/log/zipball/d49695b909c3b7628b6289db5479a1c204601f11",
                "reference": "d49695b909c3b7628b6289db5479a1c204601f11",
                "shasum": ""
            },
            "require": {
                "php": ">=5.3.0"
            },
            "type": "library",
            "extra": {
                "branch-alias": {
                    "dev-master": "1.1.x-dev"
                }
            },
            "autoload": {
                "psr-4": {
                    "Psr\\Log\\": "Psr/Log/"
                }
            },
            "notification-url": "https://packagist.org/downloads/",
            "license": [
                "MIT"
            ],
            "authors": [
                {
                    "name": "PHP-FIG",
                    "homepage": "https://www.php-fig.org/"
                }
            ],
            "description": "Common interface for logging libraries",
            "homepage": "https://github.com/php-fig/log",
            "keywords": [
                "log",
                "psr",
                "psr-3"
            ],
            "support": {
                "source": "https://github.com/php-fig/log/tree/1.1.4"
            },
            "time": "2021-05-03T11:20:27+00:00"
        },
        {
            "name": "setasign/fpdi",
            "version": "1.6.2",
            "source": {
                "type": "git",
                "url": "https://github.com/Setasign/FPDI.git",
                "reference": "a6ad58897a6d97cc2d2cd2adaeda343b25a368ea"
            },
            "dist": {
                "type": "zip",
                "url": "https://api.github.com/repos/Setasign/FPDI/zipball/a6ad58897a6d97cc2d2cd2adaeda343b25a368ea",
                "reference": "a6ad58897a6d97cc2d2cd2adaeda343b25a368ea",
                "shasum": ""
            },
            "suggest": {
                "setasign/fpdf": "FPDI will extend this class but as it is also possible to use \"tecnickcom/tcpdf\" as an alternative there's no fixed dependency configured.",
                "setasign/fpdi-fpdf": "Use this package to automatically evaluate dependencies to FPDF.",
                "setasign/fpdi-tcpdf": "Use this package to automatically evaluate dependencies to TCPDF."
            },
            "type": "library",
            "autoload": {
                "classmap": [
                    "filters/",
                    "fpdi.php",
                    "fpdf_tpl.php",
                    "fpdi_pdf_parser.php",
                    "pdf_context.php"
                ]
            },
            "notification-url": "https://packagist.org/downloads/",
            "license": [
                "MIT"
            ],
            "authors": [
                {
                    "name": "Jan Slabon",
                    "email": "jan.slabon@setasign.com",
                    "homepage": "https://www.setasign.com"
                }
            ],
            "description": "FPDI is a collection of PHP classes facilitating developers to read pages from existing PDF documents and use them as templates in FPDF. Because it is also possible to use FPDI with TCPDF, there are no fixed dependencies defined. Please see suggestions for packages which evaluates the dependencies automatically.",
            "homepage": "https://www.setasign.com/fpdi",
            "keywords": [
                "fpdf",
                "fpdi",
                "pdf"
            ],
            "support": {
                "issues": "https://github.com/Setasign/FPDI/issues",
                "source": "https://github.com/Setasign/FPDI/tree/master"
            },
            "time": "2017-05-11T14:25:49+00:00"
        },
        {
            "name": "voku/portable-ascii",
            "version": "2.0.1",
            "source": {
                "type": "git",
                "url": "https://github.com/voku/portable-ascii.git",
                "reference": "b56450eed252f6801410d810c8e1727224ae0743"
            },
            "dist": {
                "type": "zip",
                "url": "https://api.github.com/repos/voku/portable-ascii/zipball/b56450eed252f6801410d810c8e1727224ae0743",
                "reference": "b56450eed252f6801410d810c8e1727224ae0743",
                "shasum": ""
            },
            "require": {
                "php": ">=7.0.0"
            },
            "require-dev": {
                "phpunit/phpunit": "~6.0 || ~7.0 || ~9.0"
            },
            "suggest": {
                "ext-intl": "Use Intl for transliterator_transliterate() support"
            },
            "type": "library",
            "autoload": {
                "psr-4": {
                    "voku\\": "src/voku/"
                }
            },
            "notification-url": "https://packagist.org/downloads/",
            "license": [
                "MIT"
            ],
            "authors": [
                {
                    "name": "Lars Moelleken",
                    "homepage": "http://www.moelleken.org/"
                }
            ],
            "description": "Portable ASCII library - performance optimized (ascii) string functions for php.",
            "homepage": "https://github.com/voku/portable-ascii",
            "keywords": [
                "ascii",
                "clean",
                "php"
            ],
            "support": {
                "issues": "https://github.com/voku/portable-ascii/issues",
                "source": "https://github.com/voku/portable-ascii/tree/2.0.1"
            },
            "funding": [
                {
                    "url": "https://www.paypal.me/moelleken",
                    "type": "custom"
                },
                {
                    "url": "https://github.com/voku",
                    "type": "github"
                },
                {
                    "url": "https://opencollective.com/portable-ascii",
                    "type": "open_collective"
                },
                {
                    "url": "https://www.patreon.com/voku",
                    "type": "patreon"
                },
                {
                    "url": "https://tidelift.com/funding/github/packagist/voku/portable-ascii",
                    "type": "tidelift"
                }
            ],
            "time": "2022-03-08T17:03:00+00:00"
        },
        {
            "name": "voku/stop-words",
            "version": "2.0.1",
            "source": {
                "type": "git",
                "url": "https://github.com/voku/stop-words.git",
                "reference": "8e63c0af20f800b1600783764e0ce19e53969f71"
            },
            "dist": {
                "type": "zip",
                "url": "https://api.github.com/repos/voku/stop-words/zipball/8e63c0af20f800b1600783764e0ce19e53969f71",
                "reference": "8e63c0af20f800b1600783764e0ce19e53969f71",
                "shasum": ""
            },
            "require": {
                "php": ">=7.0.0"
            },
            "require-dev": {
                "phpunit/phpunit": "~6.0"
            },
            "type": "library",
            "autoload": {
                "psr-4": {
                    "voku\\": "src/voku/"
                }
            },
            "notification-url": "https://packagist.org/downloads/",
            "license": [
                "MIT"
            ],
            "authors": [
                {
                    "name": "Lars Moelleken",
                    "homepage": "http://www.moelleken.org/"
                }
            ],
            "description": "Stop-Words via PHP",
            "keywords": [
                "stop words",
                "stop-words"
            ],
            "support": {
                "issues": "https://github.com/voku/stop-words/issues",
                "source": "https://github.com/voku/stop-words/tree/master"
            },
            "time": "2018-11-23T01:37:27+00:00"
        }
    ],
    "packages-dev": [],
    "aliases": [],
    "minimum-stability": "stable",
    "stability-flags": [],
    "prefer-stable": false,
    "prefer-lowest": false,
    "platform": [],
    "platform-dev": [],
    "plugin-api-version": "2.0.0"
}
