{
  "name": "navigatecms-lib",
  "version": "1.0.0",
  "lockfileVersion": 2,
  "requires": true,
  "packages": {
    "": {
      "name": "navigatecms-lib",
      "version": "1.0.0",
      "license": "ISC",
      "dependencies": {
        "js-base64": "^3.7.5"
      }
    },
    "node_modules/js-base64": {
      "version": "3.7.5",
      "resolved": "https://registry.npmjs.org/js-base64/-/js-base64-3.7.5.tgz",
      "integrity": "sha512-3MEt5DTINKqfScXKfJFrRbxkrnk2AxPWGBL/ycjz4dK8iqiSJ06UxD8jh8xuh6p10TX4t2+7FsBYVxxQbMg+qA=="
    }
  },
  "dependencies": {
    "js-base64": {
      "version": "3.7.5",
      "resolved": "https://registry.npmjs.org/js-base64/-/js-base64-3.7.5.tgz",
      "integrity": "sha512-3MEt5DTINKqfScXKfJFrRbxkrnk2AxPWGBL/ycjz4dK8iqiSJ06UxD8jh8xuh6p10TX4t2+7FsBYVxxQbMg+qA=="
    }
  }
}
